// !$*UTF8*$!
{
	archiveVersion = 1;
	classes = {
	};
	objectVersion = 56;
	objects = {

/* Begin PBXBuildFile section */
		6582019B2A5EE4FA00D6D35F /* FirebaseModulesApp.swift in Sources */ = {isa = PBXBuildFile; fileRef = 6582019A2A5EE4FA00D6D35F /* FirebaseModulesApp.swift */; };
		6582019D2A5EE4FA00D6D35F /* ContentView.swift in Sources */ = {isa = PBXBuildFile; fileRef = 6582019C2A5EE4FA00D6D35F /* ContentView.swift */; };
		6582019F2A5EE4FC00D6D35F /* Assets.xcassets in Resources */ = {isa = PBXBuildFile; fileRef = 6582019E2A5EE4FC00D6D35F /* Assets.xcassets */; };
		658201A22A5EE4FC00D6D35F /* Preview Assets.xcassets in Resources */ = {isa = PBXBuildFile; fileRef = 658201A12A5EE4FC00D6D35F /* Preview Assets.xcassets */; };
		658201B22A5EE5F100D6D35F /* AppDelegate.swift in Sources */ = {isa = PBXBuildFile; fileRef = 658201B12A5EE5F100D6D35F /* AppDelegate.swift */; };
		658201B52A5EE7CF00D6D35F /* GoogleService-Info.plist in Resources */ = {isa = PBXBuildFile; fileRef = 658201B42A5EE7CF00D6D35F /* GoogleService-Info.plist */; };
		658201C62A60E36D00D6D35F /* GoogleSignIn in Frameworks */ = {isa = PBXBuildFile; productRef = 658201C52A60E36D00D6D35F /* GoogleSignIn */; };
		658201C82A60E36D00D6D35F /* GoogleSignInSwift in Frameworks */ = {isa = PBXBuildFile; productRef = 658201C72A60E36D00D6D35F /* GoogleSignInSwift */; };
		658201CB2A60E68C00D6D35F /* FirebaseAuth in Frameworks */ = {isa = PBXBuildFile; productRef = 658201CA2A60E68C00D6D35F /* FirebaseAuth */; };
		658201CD2A60E68C00D6D35F /* FirebaseDatabase in Frameworks */ = {isa = PBXBuildFile; productRef = 658201CC2A60E68C00D6D35F /* FirebaseDatabase */; };
		658201CF2A60E68C00D6D35F /* FirebaseFirestore in Frameworks */ = {isa = PBXBuildFile; productRef = 658201CE2A60E68C00D6D35F /* FirebaseFirestore */; };
		658201D12A60E68C00D6D35F /* FirebaseMessaging in Frameworks */ = {isa = PBXBuildFile; productRef = 658201D02A60E68C00D6D35F /* FirebaseMessaging */; };
		658201D42A612DA700D6D35F /* FacebookCore in Frameworks */ = {isa = PBXBuildFile; productRef = 658201D32A612DA700D6D35F /* FacebookCore */; };
		658201D62A612DA700D6D35F /* FacebookLogin in Frameworks */ = {isa = PBXBuildFile; productRef = 658201D52A612DA700D6D35F /* FacebookLogin */; };
		658201D82A6130EE00D6D35F /* SceneDelegate.swift in Sources */ = {isa = PBXBuildFile; fileRef = 658201D72A6130EE00D6D35F /* SceneDelegate.swift */; };
/* End PBXBuildFile section */

/* Begin PBXFileReference section */
		658201972A5EE4FA00D6D35F /* FirebaseModules.app */ = {isa = PBXFileReference; explicitFileType = wrapper.application; includeInIndex = 0; path = FirebaseModules.app; sourceTree = BUILT_PRODUCTS_DIR; };
		6582019A2A5EE4FA00D6D35F /* FirebaseModulesApp.swift */ = {isa = PBXFileReference; lastKnownFileType = sourcecode.swift; path = FirebaseModulesApp.swift; sourceTree = "<group>"; };
		6582019C2A5EE4FA00D6D35F /* ContentView.swift */ = {isa = PBXFileReference; lastKnownFileType = sourcecode.swift; path = ContentView.swift; sourceTree = "<group>"; };
		6582019E2A5EE4FC00D6D35F /* Assets.xcassets */ = {isa = PBXFileReference; lastKnownFileType = folder.assetcatalog; path = Assets.xcassets; sourceTree = "<group>"; };
		658201A12A5EE4FC00D6D35F /* Preview Assets.xcassets */ = {isa = PBXFileReference; lastKnownFileType = folder.assetcatalog; path = "Preview Assets.xcassets"; sourceTree = "<group>"; };
		658201B12A5EE5F100D6D35F /* AppDelegate.swift */ = {isa = PBXFileReference; lastKnownFileType = sourcecode.swift; path = AppDelegate.swift; sourceTree = "<group>"; };
		658201B32A5EE73200D6D35F /* FirebaseModules.entitlements */ = {isa = PBXFileReference; lastKnownFileType = text.plist.entitlements; path = FirebaseModules.entitlements; sourceTree = "<group>"; };
		658201B42A5EE7CF00D6D35F /* GoogleService-Info.plist */ = {isa = PBXFileReference; fileEncoding = 4; lastKnownFileType = text.plist.xml; path = "GoogleService-Info.plist"; sourceTree = "<group>"; };
		658201C32A5FFAF200D6D35F /* Info.plist */ = {isa = PBXFileReference; lastKnownFileType = text.plist; path = Info.plist; sourceTree = "<group>"; };
		658201D72A6130EE00D6D35F /* SceneDelegate.swift */ = {isa = PBXFileReference; lastKnownFileType = sourcecode.swift; path = SceneDelegate.swift; sourceTree = "<group>"; };
/* End PBXFileReference section */

/* Begin PBXFrameworksBuildPhase section */
		658201942A5EE4FA00D6D35F /* Frameworks */ = {
			isa = PBXFrameworksBuildPhase;
			buildActionMask = 2147483647;
			files = (
				658201D62A612DA700D6D35F /* FacebookLogin in Frameworks */,
				658201D12A60E68C00D6D35F /* FirebaseMessaging in Frameworks */,
				658201C62A60E36D00D6D35F /* GoogleSignIn in Frameworks */,
				658201D42A612DA700D6D35F /* FacebookCore in Frameworks */,
				658201CB2A60E68C00D6D35F /* FirebaseAuth in Frameworks */,
				658201CD2A60E68C00D6D35F /* FirebaseDatabase in Frameworks */,
				658201CF2A60E68C00D6D35F /* FirebaseFirestore in Frameworks */,
				658201C82A60E36D00D6D35F /* GoogleSignInSwift in Frameworks */,
			);
			runOnlyForDeploymentPostprocessing = 0;
		};
/* End PBXFrameworksBuildPhase section */

/* Begin PBXGroup section */
		6582018E2A5EE4FA00D6D35F = {
			isa = PBXGroup;
			children = (
				658201992A5EE4FA00D6D35F /* FirebaseModules */,
				658201982A5EE4FA00D6D35F /* Products */,
			);
			sourceTree = "<group>";
		};
		658201982A5EE4FA00D6D35F /* Products */ = {
			isa = PBXGroup;
			children = (
				658201972A5EE4FA00D6D35F /* FirebaseModules.app */,
			);
			name = Products;
			sourceTree = "<group>";
		};
		658201992A5EE4FA00D6D35F /* FirebaseModules */ = {
			isa = PBXGroup;
			children = (
				658201C32A5FFAF200D6D35F /* Info.plist */,
				658201B42A5EE7CF00D6D35F /* GoogleService-Info.plist */,
				658201B32A5EE73200D6D35F /* FirebaseModules.entitlements */,
				658201B12A5EE5F100D6D35F /* AppDelegate.swift */,
				658201D72A6130EE00D6D35F /* SceneDelegate.swift */,
				6582019A2A5EE4FA00D6D35F /* FirebaseModulesApp.swift */,
				6582019C2A5EE4FA00D6D35F /* ContentView.swift */,
				6582019E2A5EE4FC00D6D35F /* Assets.xcassets */,
				658201A02A5EE4FC00D6D35F /* Preview Content */,
			);
			path = FirebaseModules;
			sourceTree = "<group>";
		};
		658201A02A5EE4FC00D6D35F /* Preview Content */ = {
			isa = PBXGroup;
			children = (
				658201A12A5EE4FC00D6D35F /* Preview Assets.xcassets */,
			);
			path = "Preview Content";
			sourceTree = "<group>";
		};
/* End PBXGroup section */

/* Begin PBXNativeTarget section */
		658201962A5EE4FA00D6D35F /* FirebaseModules */ = {
			isa = PBXNativeTarget;
			buildConfigurationList = 658201A52A5EE4FC00D6D35F /* Build configuration list for PBXNativeTarget "FirebaseModules" */;
			buildPhases = (
				658201932A5EE4FA00D6D35F /* Sources */,
				658201942A5EE4FA00D6D35F /* Frameworks */,
				658201952A5EE4FA00D6D35F /* Resources */,
			);
			buildRules = (
			);
			dependencies = (
			);
			name = FirebaseModules;
			packageProductDependencies = (
				658201C52A60E36D00D6D35F /* GoogleSignIn */,
				658201C72A60E36D00D6D35F /* GoogleSignInSwift */,
				658201CA2A60E68C00D6D35F /* FirebaseAuth */,
				658201CC2A60E68C00D6D35F /* FirebaseDatabase */,
				658201CE2A60E68C00D6D35F /* FirebaseFirestore */,
				658201D02A60E68C00D6D35F /* FirebaseMessaging */,
				658201D32A612DA700D6D35F /* FacebookCore */,
				658201D52A612DA700D6D35F /* FacebookLogin */,
			);
			productName = FirebaseModules;
			productReference = 658201972A5EE4FA00D6D35F /* FirebaseModules.app */;
			productType = "com.apple.product-type.application";
		};
/* End PBXNativeTarget section */

/* Begin PBXProject section */
		6582018F2A5EE4FA00D6D35F /* Project object */ = {
			isa = PBXProject;
			attributes = {
				BuildIndependentTargetsInParallel = 1;
				LastSwiftUpdateCheck = 1430;
				LastUpgradeCheck = 1430;
				TargetAttributes = {
					658201962A5EE4FA00D6D35F = {
						CreatedOnToolsVersion = 14.3.1;
					};
				};
			};
			buildConfigurationList = 658201922A5EE4FA00D6D35F /* Build configuration list for PBXProject "FirebaseModules" */;
			compatibilityVersion = "Xcode 14.0";
			developmentRegion = en;
			hasScannedForEncodings = 0;
			knownRegions = (
				en,
				Base,
			);
			mainGroup = 6582018E2A5EE4FA00D6D35F;
			packageReferences = (
				658201C42A60E36D00D6D35F /* XCRemoteSwiftPackageReference "GoogleSignIn-iOS" */,
				658201C92A60E68C00D6D35F /* XCRemoteSwiftPackageReference "firebase-ios-sdk" */,
				658201D22A612DA700D6D35F /* XCRemoteSwiftPackageReference "facebook-ios-sdk" */,
			);
			productRefGroup = 658201982A5EE4FA00D6D35F /* Products */;
			projectDirPath = "";
			projectRoot = "";
			targets = (
				658201962A5EE4FA00D6D35F /* FirebaseModules */,
			);
		};
/* End PBXProject section */

/* Begin PBXResourcesBuildPhase section */
		658201952A5EE4FA00D6D35F /* Resources */ = {
			isa = PBXResourcesBuildPhase;
			buildActionMask = 2147483647;
			files = (
				658201A22A5EE4FC00D6D35F /* Preview Assets.xcassets in Resources */,
				6582019F2A5EE4FC00D6D35F /* Assets.xcassets in Resources */,
				658201B52A5EE7CF00D6D35F /* GoogleService-Info.plist in Resources */,
			);
			runOnlyForDeploymentPostprocessing = 0;
		};
/* End PBXResourcesBuildPhase section */

/* Begin PBXSourcesBuildPhase section */
		658201932A5EE4FA00D6D35F /* Sources */ = {
			isa = PBXSourcesBuildPhase;
			buildActionMask = 2147483647;
			files = (
				658201B22A5EE5F100D6D35F /* AppDelegate.swift in Sources */,
				6582019D2A5EE4FA00D6D35F /* ContentView.swift in Sources */,
				6582019B2A5EE4FA00D6D35F /* FirebaseModulesApp.swift in Sources */,
				658201D82A6130EE00D6D35F /* SceneDelegate.swift in Sources */,
			);
			runOnlyForDeploymentPostprocessing = 0;
		};
/* End PBXSourcesBuildPhase section */

/* Begin XCBuildConfiguration section */
		658201A32A5EE4FC00D6D35F /* Debug */ = {
			isa = XCBuildConfiguration;
			buildSettings = {
				ALWAYS_SEARCH_USER_PATHS = NO;
				CLANG_ANALYZER_NONNULL = YES;
				CLANG_ANALYZER_NUMBER_OBJECT_CONVERSION = YES_AGGRESSIVE;
				CLANG_CXX_LANGUAGE_STANDARD = "gnu++20";
				CLANG_ENABLE_MODULES = YES;
				CLANG_ENABLE_OBJC_ARC = YES;
				CLANG_ENABLE_OBJC_WEAK = YES;
				CLANG_WARN_BLOCK_CAPTURE_AUTORELEASING = YES;
				CLANG_WARN_BOOL_CONVERSION = YES;
				CLANG_WARN_COMMA = YES;
				CLANG_WARN_CONSTANT_CONVERSION = YES;
				CLANG_WARN_DEPRECATED_OBJC_IMPLEMENTATIONS = YES;
				CLANG_WARN_DIRECT_OBJC_ISA_USAGE = YES_ERROR;
				CLANG_WARN_DOCUMENTATION_COMMENTS = YES;
				CLANG_WARN_EMPTY_BODY = YES;
				CLANG_WARN_ENUM_CONVERSION = YES;
				CLANG_WARN_INFINITE_RECURSION = YES;
				CLANG_WARN_INT_CONVERSION = YES;
				CLANG_WARN_NON_LITERAL_NULL_CONVERSION = YES;
				CLANG_WARN_OBJC_IMPLICIT_RETAIN_SELF = YES;
				CLANG_WARN_OBJC_LITERAL_CONVERSION = YES;
				CLANG_WARN_OBJC_ROOT_CLASS = YES_ERROR;
				CLANG_WARN_QUOTED_INCLUDE_IN_FRAMEWORK_HEADER = YES;
				CLANG_WARN_RANGE_LOOP_ANALYSIS = YES;
				CLANG_WARN_STRICT_PROTOTYPES = YES;
				CLANG_WARN_SUSPICIOUS_MOVE = YES;
				CLANG_WARN_UNGUARDED_AVAILABILITY = YES_AGGRESSIVE;
				CLANG_WARN_UNREACHABLE_CODE = YES;
				CLANG_WARN__DUPLICATE_METHOD_MATCH = YES;
				COPY_PHASE_STRIP = NO;
				DEBUG_INFORMATION_FORMAT = dwarf;
				ENABLE_STRICT_OBJC_MSGSEND = YES;
				ENABLE_TESTABILITY = YES;
				GCC_C_LANGUAGE_STANDARD = gnu11;
				GCC_DYNAMIC_NO_PIC = NO;
				GCC_NO_COMMON_BLOCKS = YES;
				GCC_OPTIMIZATION_LEVEL = 0;
				GCC_PREPROCESSOR_DEFINITIONS = (
					"DEBUG=1",
					"$(inherited)",
				);
				GCC_WARN_64_TO_32_BIT_CONVERSION = YES;
				GCC_WARN_ABOUT_RETURN_TYPE = YES_ERROR;
				GCC_WARN_UNDECLARED_SELECTOR = YES;
				GCC_WARN_UNINITIALIZED_AUTOS = YES_AGGRESSIVE;
				GCC_WARN_UNUSED_FUNCTION = YES;
				GCC_WARN_UNUSED_VARIABLE = YES;
				IPHONEOS_DEPLOYMENT_TARGET = 16.4;
				MTL_ENABLE_DEBUG_INFO = INCLUDE_SOURCE;
				MTL_FAST_MATH = YES;
				ONLY_ACTIVE_ARCH = YES;
				SDKROOT = iphoneos;
				SWIFT_ACTIVE_COMPILATION_CONDITIONS = DEBUG;
				SWIFT_OPTIMIZATION_LEVEL = "-Onone";
			};
			name = Debug;
		};
		658201A42A5EE4FC00D6D35F /* Release */ = {
			isa = XCBuildConfiguration;
			buildSettings = {
				ALWAYS_SEARCH_USER_PATHS = NO;
				CLANG_ANALYZER_NONNULL = YES;
				CLANG_ANALYZER_NUMBER_OBJECT_CONVERSION = YES_AGGRESSIVE;
				CLANG_CXX_LANGUAGE_STANDARD = "gnu++20";
				CLANG_ENABLE_MODULES = YES;
				CLANG_ENABLE_OBJC_ARC = YES;
				CLANG_ENABLE_OBJC_WEAK = YES;
				CLANG_WARN_BLOCK_CAPTURE_AUTORELEASING = YES;
				CLANG_WARN_BOOL_CONVERSION = YES;
				CLANG_WARN_COMMA = YES;
				CLANG_WARN_CONSTANT_CONVERSION = YES;
				CLANG_WARN_DEPRECATED_OBJC_IMPLEMENTATIONS = YES;
				CLANG_WARN_DIRECT_OBJC_ISA_USAGE = YES_ERROR;
				CLANG_WARN_DOCUMENTATION_COMMENTS = YES;
				CLANG_WARN_EMPTY_BODY = YES;
				CLANG_WARN_ENUM_CONVERSION = YES;
				CLANG_WARN_INFINITE_RECURSION = YES;
				CLANG_WARN_INT_CONVERSION = YES;
				CLANG_WARN_NON_LITERAL_NULL_CONVERSION = YES;
				CLANG_WARN_OBJC_IMPLICIT_RETAIN_SELF = YES;
				CLANG_WARN_OBJC_LITERAL_CONVERSION = YES;
				CLANG_WARN_OBJC_ROOT_CLASS = YES_ERROR;
				CLANG_WARN_QUOTED_INCLUDE_IN_FRAMEWORK_HEADER = YES;
				CLANG_WARN_RANGE_LOOP_ANALYSIS = YES;
				CLANG_WARN_STRICT_PROTOTYPES = YES;
				CLANG_WARN_SUSPICIOUS_MOVE = YES;
				CLANG_WARN_UNGUARDED_AVAILABILITY = YES_AGGRESSIVE;
				CLANG_WARN_UNREACHABLE_CODE = YES;
				CLANG_WARN__DUPLICATE_METHOD_MATCH = YES;
				COPY_PHASE_STRIP = NO;
				DEBUG_INFORMATION_FORMAT = "dwarf-with-dsym";
				ENABLE_NS_ASSERTIONS = NO;
				ENABLE_STRICT_OBJC_MSGSEND = YES;
				GCC_C_LANGUAGE_STANDARD = gnu11;
				GCC_NO_COMMON_BLOCKS = YES;
				GCC_WARN_64_TO_32_BIT_CONVERSION = YES;
				GCC_WARN_ABOUT_RETURN_TYPE = YES_ERROR;
				GCC_WARN_UNDECLARED_SELECTOR = YES;
				GCC_WARN_UNINITIALIZED_AUTOS = YES_AGGRESSIVE;
				GCC_WARN_UNUSED_FUNCTION = YES;
				GCC_WARN_UNUSED_VARIABLE = YES;
				IPHONEOS_DEPLOYMENT_TARGET = 16.4;
				MTL_ENABLE_DEBUG_INFO = NO;
				MTL_FAST_MATH = YES;
				SDKROOT = iphoneos;
				SWIFT_COMPILATION_MODE = wholemodule;
				SWIFT_OPTIMIZATION_LEVEL = "-O";
				VALIDATE_PRODUCT = YES;
			};
			name = Release;
		};
		658201A62A5EE4FC00D6D35F /* Debug */ = {
			isa = XCBuildConfiguration;
			buildSettings = {
				ASSETCATALOG_COMPILER_APPICON_NAME = AppIcon;
				ASSETCATALOG_COMPILER_GLOBAL_ACCENT_COLOR_NAME = AccentColor;
				CODE_SIGN_ENTITLEMENTS = FirebaseModules/FirebaseModules.entitlements;
				CODE_SIGN_STYLE = Automatic;
				CURRENT_PROJECT_VERSION = 1;
				DEVELOPMENT_ASSET_PATHS = "\"FirebaseModules/Preview Content\"";
				DEVELOPMENT_TEAM = XWMB7QZB2A;
				ENABLE_PREVIEWS = YES;
				GENERATE_INFOPLIST_FILE = YES;
				INFOPLIST_FILE = FirebaseModules/Info.plist;
				INFOPLIST_KEY_UIApplicationSceneManifest_Generation = YES;
				INFOPLIST_KEY_UIApplicationSupportsIndirectInputEvents = YES;
				INFOPLIST_KEY_UILaunchScreen_Generation = YES;
				INFOPLIST_KEY_UISupportedInterfaceOrientations_iPad = "UIInterfaceOrientationPortrait UIInterfaceOrientationPortraitUpsideDown UIInterfaceOrientationLandscapeLeft UIInterfaceOrientationLandscapeRight";
				INFOPLIST_KEY_UISupportedInterfaceOrientations_iPhone = "UIInterfaceOrientationPortrait UIInterfaceOrientationLandscapeLeft UIInterfaceOrientationLandscapeRight";
				LD_RUNPATH_SEARCH_PATHS = (
					"$(inherited)",
					"@executable_path/Frameworks",
				);
				MARKETING_VERSION = 1.0;
				PRODUCT_BUNDLE_IDENTIFIER = com.hydan.FirebaseModules;
				PRODUCT_NAME = "$(TARGET_NAME)";
				SWIFT_EMIT_LOC_STRINGS = YES;
				SWIFT_VERSION = 5.0;
				TARGETED_DEVICE_FAMILY = "1,2";
			};
			name = Debug;
		};
		658201A72A5EE4FC00D6D35F /* Release */ = {
			isa = XCBuildConfiguration;
			buildSettings = {
				ASSETCATALOG_COMPILER_APPICON_NAME = AppIcon;
				ASSETCATALOG_COMPILER_GLOBAL_ACCENT_COLOR_NAME = AccentColor;
				CODE_SIGN_ENTITLEMENTS = FirebaseModules/FirebaseModules.entitlements;
				CODE_SIGN_STYLE = Automatic;
				CURRENT_PROJECT_VERSION = 1;
				DEVELOPMENT_ASSET_PATHS = "\"FirebaseModules/Preview Content\"";
				DEVELOPMENT_TEAM = XWMB7QZB2A;
				ENABLE_PREVIEWS = YES;
				GENERATE_INFOPLIST_FILE = YES;
				INFOPLIST_FILE = FirebaseModules/Info.plist;
				INFOPLIST_KEY_UIApplicationSceneManifest_Generation = YES;
				INFOPLIST_KEY_UIApplicationSupportsIndirectInputEvents = YES;
				INFOPLIST_KEY_UILaunchScreen_Generation = YES;
				INFOPLIST_KEY_UISupportedInterfaceOrientations_iPad = "UIInterfaceOrientationPortrait UIInterfaceOrientationPortraitUpsideDown UIInterfaceOrientationLandscapeLeft UIInterfaceOrientationLandscapeRight";
				INFOPLIST_KEY_UISupportedInterfaceOrientations_iPhone = "UIInterfaceOrientationPortrait UIInterfaceOrientationLandscapeLeft UIInterfaceOrientationLandscapeRight";
				LD_RUNPATH_SEARCH_PATHS = (
					"$(inherited)",
					"@executable_path/Frameworks",
				);
				MARKETING_VERSION = 1.0;
				PRODUCT_BUNDLE_IDENTIFIER = com.hydan.FirebaseModules;
				PRODUCT_NAME = "$(TARGET_NAME)";
				SWIFT_EMIT_LOC_STRINGS = YES;
				SWIFT_VERSION = 5.0;
				TARGETED_DEVICE_FAMILY = "1,2";
			};
			name = Release;
		};
/* End XCBuildConfiguration section */

/* Begin XCConfigurationList section */
		658201922A5EE4FA00D6D35F /* Build configuration list for PBXProject "FirebaseModules" */ = {
			isa = XCConfigurationList;
			buildConfigurations = (
				658201A32A5EE4FC00D6D35F /* Debug */,
				658201A42A5EE4FC00D6D35F /* Release */,
			);
			defaultConfigurationIsVisible = 0;
			defaultConfigurationName = Release;
		};
		658201A52A5EE4FC00D6D35F /* Build configuration list for PBXNativeTarget "FirebaseModules" */ = {
			isa = XCConfigurationList;
			buildConfigurations = (
				658201A62A5EE4FC00D6D35F /* Debug */,
				658201A72A5EE4FC00D6D35F /* Release */,
			);
			defaultConfigurationIsVisible = 0;
			defaultConfigurationName = Release;
		};
/* End XCConfigurationList section */

/* Begin XCRemoteSwiftPackageReference section */
		658201C42A60E36D00D6D35F /* XCRemoteSwiftPackageReference "GoogleSignIn-iOS" */ = {
			isa = XCRemoteSwiftPackageReference;
			repositoryURL = "https://github.com/google/GoogleSignIn-iOS";
			requirement = {
				kind = upToNextMajorVersion;
				minimumVersion = 7.0.0;
			};
		};
		658201C92A60E68C00D6D35F /* XCRemoteSwiftPackageReference "firebase-ios-sdk" */ = {
			isa = XCRemoteSwiftPackageReference;
			repositoryURL = "https://github.com/firebase/firebase-ios-sdk";
			requirement = {
				kind = upToNextMajorVersion;
				minimumVersion = 10.0.0;
			};
		};
		658201D22A612DA700D6D35F /* XCRemoteSwiftPackageReference "facebook-ios-sdk" */ = {
			isa = XCRemoteSwiftPackageReference;
			repositoryURL = "https://github.com/facebook/facebook-ios-sdk";
			requirement = {
				kind = upToNextMajorVersion;
				minimumVersion = 14.0.0;
			};
		};
/* End XCRemoteSwiftPackageReference section */

/* Begin XCSwiftPackageProductDependency section */
		658201C52A60E36D00D6D35F /* GoogleSignIn */ = {
			isa = XCSwiftPackageProductDependency;
			package = 658201C42A60E36D00D6D35F /* XCRemoteSwiftPackageReference "GoogleSignIn-iOS" */;
			productName = GoogleSignIn;
		};
		658201C72A60E36D00D6D35F /* GoogleSignInSwift */ = {
			isa = XCSwiftPackageProductDependency;
			package = 658201C42A60E36D00D6D35F /* XCRemoteSwiftPackageReference "GoogleSignIn-iOS" */;
			productName = GoogleSignInSwift;
		};
		658201CA2A60E68C00D6D35F /* FirebaseAuth */ = {
			isa = XCSwiftPackageProductDependency;
			package = 658201C92A60E68C00D6D35F /* XCRemoteSwiftPackageReference "firebase-ios-sdk" */;
			productName = FirebaseAuth;
		};
		658201CC2A60E68C00D6D35F /* FirebaseDatabase */ = {
			isa = XCSwiftPackageProductDependency;
			package = 658201C92A60E68C00D6D35F /* XCRemoteSwiftPackageReference "firebase-ios-sdk" */;
			productName = FirebaseDatabase;
		};
		658201CE2A60E68C00D6D35F /* FirebaseFirestore */ = {
			isa = XCSwiftPackageProductDependency;
			package = 658201C92A60E68C00D6D35F /* XCRemoteSwiftPackageReference "firebase-ios-sdk" */;
			productName = FirebaseFirestore;
		};
		658201D02A60E68C00D6D35F /* FirebaseMessaging */ = {
			isa = XCSwiftPackageProductDependency;
			package = 658201C92A60E68C00D6D35F /* XCRemoteSwiftPackageReference "firebase-ios-sdk" */;
			productName = FirebaseMessaging;
		};
		658201D32A612DA700D6D35F /* FacebookCore */ = {
			isa = XCSwiftPackageProductDependency;
			package = 658201D22A612DA700D6D35F /* XCRemoteSwiftPackageReference "facebook-ios-sdk" */;
			productName = FacebookCore;
		};
		658201D52A612DA700D6D35F /* FacebookLogin */ = {
			isa = XCSwiftPackageProductDependency;
			package = 658201D22A612DA700D6D35F /* XCRemoteSwiftPackageReference "facebook-ios-sdk" */;
			productName = FacebookLogin;
		};
/* End XCSwiftPackageProductDependency section */
	};
	rootObject = 6582018F2A5EE4FA00D6D35F /* Project object */;
}
